// !$*UTF8*$!
{
	archiveVersion = 1;
	classes = {
	};
	objectVersion = 46;
	objects = {

/* Begin PBXBuildFile section */
		7E1FC0931AEFB81200E4B776 /* main.cpp in Sources */ = {isa = PBXBuildFile; fileRef = 7E1FC0921AEFB81200E4B776 /* main.cpp */; };
/* End PBXBuildFile section */

/* Begin PBXCopyFilesBuildPhase section */
		7E1FC08D1AEFB81200E4B776 /* CopyFiles */ = {
			isa = PBXCopyFilesBuildPhase;
			buildActionMask = 2147483647;
			dstPath = /usr/share/man/man1/;
			dstSubfolderSpec = 0;
			files = (
			);
			runOnlyForDeploymentPostprocessing = 1;
		};
/* End PBXCopyFilesBuildPhase section */

/* Begin PBXFileReference section */
		7E1FC08F1AEFB81200E4B776 /* ThreadPool */ = {isa = PBXFileReference; explicitFileType = "compiled.mach-o.executable"; includeInIndex = 0; path = ThreadPool; sourceTree = BUILT_PRODUCTS_DIR; };
		7E1FC0921AEFB81200E4B776 /* main.cpp */ = {isa = PBXFileReference; lastKnownFileType = sourcecode.cpp.cpp; path = main.cpp; sourceTree = "<group>"; };
		7ED7723D1B0343A500EA8A0A /* threadpool.h */ = {isa = PBXFileReference; lastKnownFileType = sourcecode.c.h; path = threadpool.h; sourceTree = "<group>"; };
/* End PBXFileReference section */

/* Begin PBXFrameworksBuildPhase section */
		7E1FC08C1AEFB81200E4B776 /* Frameworks */ = {
			isa = PBXFrameworksBuildPhase;
			buildActionMask = 2147483647;
			files = (
			);
			runOnlyForDeploymentPostprocessing = 0;
		};
/* End PBXFrameworksBuildPhase section */

/* Begin PBXGroup section */
		7E1FC0861AEFB81200E4B776 = {
			isa = PBXGroup;
			children = (
				7E1FC0911AEFB81200E4B776 /* ThreadPool */,
				7E1FC0901AEFB81200E4B776 /* Products */,
			);
			sourceTree = "<group>";
		};
		7E1FC0901AEFB81200E4B776 /* Products */ = {
			isa = PBXGroup;
			children = (
				7E1FC08F1AEFB81200E4B776 /* ThreadPool */,
			);
			name = Products;
			sourceTree = "<group>";
		};
		7E1FC0911AEFB81200E4B776 /* ThreadPool */ = {
			isa = PBXGroup;
			children = (
				7E1FC0921AEFB81200E4B776 /* main.cpp */,
				7ED7723D1B0343A500EA8A0A /* threadpool.h */,
			);
			path = ThreadPool;
			sourceTree = "<group>";
		};
/* End PBXGroup section */

/* Begin PBXNativeTarget section */
		7E1FC08E1AEFB81200E4B776 /* ThreadPool */ = {
			isa = PBXNativeTarget;
			buildConfigurationList = 7E1FC0961AEFB81200E4B776 /* Build configuration list for PBXNativeTarget "ThreadPool" */;
			buildPhases = (
				7E1FC08B1AEFB81200E4B776 /* Sources */,
				7E1FC08C1AEFB81200E4B776 /* Frameworks */,
				7E1FC08D1AEFB81200E4B776 /* CopyFiles */,
			);
			buildRules = (
			);
			dependencies = (
			);
			name = ThreadPool;
			productName = ThreadPool;
			productReference = 7E1FC08F1AEFB81200E4B776 /* ThreadPool */;
			productType = "com.apple.product-type.tool";
		};
/* End PBXNativeTarget section */

/* Begin PBXProject section */
		7E1FC0871AEFB81200E4B776 /* Project object */ = {
			isa = PBXProject;
			attributes = {
				LastUpgradeCheck = 0610;
				ORGANIZATIONNAME = SDESANTIS;
				TargetAttributes = {
					7E1FC08E1AEFB81200E4B776 = {
						CreatedOnToolsVersion = 6.1.1;
					};
				};
			};
			buildConfigurationList = 7E1FC08A1AEFB81200E4B776 /* Build configuration list for PBXProject "ThreadPool" */;
			compatibilityVersion = "Xcode 3.2";
			developmentRegion = English;
			hasScannedForEncodings = 0;
			knownRegions = (
				en,
			);
			mainGroup = 7E1FC0861AEFB81200E4B776;
			productRefGroup = 7E1FC0901AEFB81200E4B776 /* Products */;
			projectDirPath = "";
			projectRoot = "";
			targets = (
				7E1FC08E1AEFB81200E4B776 /* ThreadPool */,
			);
		};
/* End PBXProject section */

/* Begin PBXSourcesBuildPhase section */
		7E1FC08B1AEFB81200E4B776 /* Sources */ = {
			isa = PBXSourcesBuildPhase;
			buildActionMask = 2147483647;
			files = (
				7E1FC0931AEFB81200E4B776 /* main.cpp in Sources */,
			);
			runOnlyForDeploymentPostprocessing = 0;
		};
/* End PBXSourcesBuildPhase section */

/* Begin XCBuildConfiguration section */
		7E1FC0941AEFB81200E4B776 /* Debug */ = {
			isa = XCBuildConfiguration;
			buildSettings = {
				ALWAYS_SEARCH_USER_PATHS = NO;
				CLANG_CXX_LANGUAGE_STANDARD = "gnu++0x";
				CLANG_CXX_LIBRARY = "libc++";
				CLANG_ENABLE_MODULES = YES;
				CLANG_ENABLE_OBJC_ARC = YES;
				CLANG_WARN_BOOL_CONVERSION = YES;
				CLANG_WARN_CONSTANT_CONVERSION = YES;
				CLANG_WARN_DIRECT_OBJC_ISA_USAGE = YES_ERROR;
				CLANG_WARN_EMPTY_BODY = YES;
				CLANG_WARN_ENUM_CONVERSION = YES;
				CLANG_WARN_INT_CONVERSION = YES;
				CLANG_WARN_OBJC_ROOT_CLASS = YES_ERROR;
				CLANG_WARN_UNREACHABLE_CODE = YES;
				CLANG_WARN__DUPLICATE_METHOD_MATCH = YES;
				COPY_PHASE_STRIP = NO;
				ENABLE_STRICT_OBJC_MSGSEND = YES;
				GCC_C_LANGUAGE_STANDARD = gnu99;
				GCC_DYNAMIC_NO_PIC = NO;
				GCC_OPTIMIZATION_LEVEL = 0;
				GCC_PREPROCESSOR_DEFINITIONS = (
					"DEBUG=1",
					"$(inherited)",
				);
				GCC_SYMBOLS_PRIVATE_EXTERN = NO;
				GCC_WARN_64_TO_32_BIT_CONVERSION = YES;
				GCC_WARN_ABOUT_RETURN_TYPE = YES_ERROR;
				GCC_WARN_UNDECLARED_SELECTOR = YES;
				GCC_WARN_UNINITIALIZED_AUTOS = YES_AGGRESSIVE;
				GCC_WARN_UNUSED_FUNCTION = YES;
				GCC_WARN_UNUSED_VARIABLE = YES;
				MACOSX_DEPLOYMENT_TARGET = 10.10;
				MTL_ENABLE_DEBUG_INFO = YES;
				ONLY_ACTIVE_ARCH = YES;
				SDKROOT = macosx;
			};
			name = Debug;
		};
		7E1FC0951AEFB81200E4B776 /* Release */ = {
			isa = XCBuildConfiguration;
			buildSettings = {
				ALWAYS_SEARCH_USER_PATHS = NO;
				CLANG_CXX_LANGUAGE_STANDARD = "gnu++0x";
				CLANG_CXX_LIBRARY = "libc++";
				CLANG_ENABLE_MODULES = YES;
				CLANG_ENABLE_OBJC_ARC = YES;
				CLANG_WARN_BOOL_CONVERSION = YES;
				CLANG_WARN_CONSTANT_CONVERSION = YES;
				CLANG_WARN_DIRECT_OBJC_ISA_USAGE = YES_ERROR;
				CLANG_WARN_EMPTY_BODY = YES;
				CLANG_WARN_ENUM_CONVERSION = YES;
				CLANG_WARN_INT_CONVERSION = YES;
				CLANG_WARN_OBJC_ROOT_CLASS = YES_ERROR;
				CLANG_WARN_UNREACHABLE_CODE = YES;
				CLANG_WARN__DUPLICATE_METHOD_MATCH = YES;
				COPY_PHASE_STRIP = YES;
				DEBUG_INFORMATION_FORMAT = "dwarf-with-dsym";
				ENABLE_NS_ASSERTIONS = NO;
				ENABLE_STRICT_OBJC_MSGSEND = YES;
				GCC_C_LANGUAGE_STANDARD = gnu99;
				GCC_WARN_64_TO_32_BIT_CONVERSION = YES;
				GCC_WARN_ABOUT_RETURN_TYPE = YES_ERROR;
				GCC_WARN_UNDECLARED_SELECTOR = YES;
				GCC_WARN_UNINITIALIZED_AUTOS = YES_AGGRESSIVE;
				GCC_WARN_UNUSED_FUNCTION = YES;
				GCC_WARN_UNUSED_VARIABLE = YES;
				MACOSX_DEPLOYMENT_TARGET = 10.10;
				MTL_ENABLE_DEBUG_INFO = NO;
				SDKROOT = macosx;
			};
			name = Release;
		};
		7E1FC0971AEFB81200E4B776 /* Debug */ = {
			isa = XCBuildConfiguration;
			buildSettings = {
				GCC_INPUT_FILETYPE = sourcecode.cpp.cpp;
				PRODUCT_NAME = "$(TARGET_NAME)";
			};
			name = Debug;
		};
		7E1FC0981AEFB81200E4B776 /* Release */ = {
			isa = XCBuildConfiguration;
			buildSettings = {
				GCC_INPUT_FILETYPE = sourcecode.cpp.cpp;
				PRODUCT_NAME = "$(TARGET_NAME)";
			};
			name = Release;
		};
/* End XCBuildConfiguration section */

/* Begin XCConfigurationList section */
		7E1FC08A1AEFB81200E4B776 /* Build configuration list for PBXProject "ThreadPool" */ = {
			isa = XCConfigurationList;
			buildConfigurations = (
				7E1FC0941AEFB81200E4B776 /* Debug */,
				7E1FC0951AEFB81200E4B776 /* Release */,
			);
			defaultConfigurationIsVisible = 0;
			defaultConfigurationName = Release;
		};
		7E1FC0961AEFB81200E4B776 /* Build configuration list for PBXNativeTarget "ThreadPool" */ = {
			isa = XCConfigurationList;
			buildConfigurations = (
				7E1FC0971AEFB81200E4B776 /* Debug */,
				7E1FC0981AEFB81200E4B776 /* Release */,
			);
			defaultConfigurationIsVisible = 0;
			defaultConfigurationName = Release;
		};
/* End XCConfigurationList section */
	};
	rootObject = 7E1FC0871AEFB81200E4B776 /* Project object */;
}
